
Microsoft Visual Studio Solution File, Format Version 12.00
# Visual Studio 15
VisualStudioVersion = 15.0.27703.2035
MinimumVisualStudioVersion = 10.0.40219.1
Project("{FAE04EC0-301F-11D3-BF4B-00C04F79EFBC}") = "StudentWeb", "StudentWeb\StudentWeb.csproj", "{7B005FB6-EE63-4039-A02B-316F2053B116}"
EndProject
Global
	GlobalSection(SolutionConfigurationPlatforms) = preSolution
		Debug|Any CPU = Debug|Any CPU
		Release|Any CPU = Release|Any CPU
	EndGlobalSection
	GlobalSection(ProjectConfigurationPlatforms) = postSolution
		{7B005FB6-EE63-4039-A02B-316F2053B116}.Debug|Any CPU.ActiveCfg = Debug|Any CPU
		{7B005FB6-EE63-4039-A02B-316F2053B116}.Debug|Any CPU.Build.0 = Debug|Any CPU
		{7B005FB6-EE63-4039-A02B-316F2053B116}.Release|Any CPU.ActiveCfg = Release|Any CPU
		{7B005FB6-EE63-4039-A02B-316F2053B116}.Release|Any CPU.Build.0 = Release|Any CPU
	EndGlobalSection
	GlobalSection(SolutionProperties) = preSolution
		HideSolutionNode = FALSE
	EndGlobalSection
	GlobalSection(ExtensibilityGlobals) = postSolution
		SolutionGuid = {4B5197FC-081B-4536-B306-2394A8B0C8CA}
	EndGlobalSection
EndGlobal
