
Microsoft Visual Studio Solution File, Format Version 12.00
# Visual Studio 15
VisualStudioVersion = 15.0.27703.2035
MinimumVisualStudioVersion = 10.0.40219.1
Project("{FAE04EC0-301F-11D3-BF4B-00C04F79EFBC}") = "Banking", "Banking\Banking.csproj", "{A2C1EDF7-C294-432C-B3A9-BB4A2753E6C9}"
EndProject
Global
	GlobalSection(SolutionConfigurationPlatforms) = preSolution
		Debug|Any CPU = Debug|Any CPU
		Release|Any CPU = Release|Any CPU
	EndGlobalSection
	GlobalSection(ProjectConfigurationPlatforms) = postSolution
		{A2C1EDF7-C294-432C-B3A9-BB4A2753E6C9}.Debug|Any CPU.ActiveCfg = Debug|Any CPU
		{A2C1EDF7-C294-432C-B3A9-BB4A2753E6C9}.Debug|Any CPU.Build.0 = Debug|Any CPU
		{A2C1EDF7-C294-432C-B3A9-BB4A2753E6C9}.Release|Any CPU.ActiveCfg = Release|Any CPU
		{A2C1EDF7-C294-432C-B3A9-BB4A2753E6C9}.Release|Any CPU.Build.0 = Release|Any CPU
	EndGlobalSection
	GlobalSection(SolutionProperties) = preSolution
		HideSolutionNode = FALSE
	EndGlobalSection
	GlobalSection(ExtensibilityGlobals) = postSolution
		SolutionGuid = {926674F9-812E-48A4-B870-2EC5F74DDC5B}
	EndGlobalSection
EndGlobal
