
Microsoft Visual Studio Solution File, Format Version 12.00
# Visual Studio 15
VisualStudioVersion = 15.0.27703.2035
MinimumVisualStudioVersion = 10.0.40219.1
Project("{FAE04EC0-301F-11D3-BF4B-00C04F79EFBC}") = "aspMVC", "aspMVC\aspMVC.csproj", "{D8ADB529-0B43-4CF9-AD19-7E4B784E08D3}"
EndProject
Global
	GlobalSection(SolutionConfigurationPlatforms) = preSolution
		Debug|Any CPU = Debug|Any CPU
		Release|Any CPU = Release|Any CPU
	EndGlobalSection
	GlobalSection(ProjectConfigurationPlatforms) = postSolution
		{D8ADB529-0B43-4CF9-AD19-7E4B784E08D3}.Debug|Any CPU.ActiveCfg = Debug|Any CPU
		{D8ADB529-0B43-4CF9-AD19-7E4B784E08D3}.Debug|Any CPU.Build.0 = Debug|Any CPU
		{D8ADB529-0B43-4CF9-AD19-7E4B784E08D3}.Release|Any CPU.ActiveCfg = Release|Any CPU
		{D8ADB529-0B43-4CF9-AD19-7E4B784E08D3}.Release|Any CPU.Build.0 = Release|Any CPU
	EndGlobalSection
	GlobalSection(SolutionProperties) = preSolution
		HideSolutionNode = FALSE
	EndGlobalSection
	GlobalSection(ExtensibilityGlobals) = postSolution
		SolutionGuid = {315922C1-7ACE-42D8-BC6A-E629CB15699D}
	EndGlobalSection
EndGlobal
